
Microsoft Visual Studio Solution File, Format Version 12.00
# Visual Studio 14
VisualStudioVersion = 14.0.25420.1
MinimumVisualStudioVersion = 10.0.40219.1
Project("{FAE04EC0-301F-11D3-BF4B-00C04F79EFBC}") = "FitbitWebApplication", "FitbitWebApplication\FitbitWebApplication.csproj", "{61E7FCE8-ADD1-4130-B819-B048BBD212B7}"
EndProject
Project("{FAE04EC0-301F-11D3-BF4B-00C04F79EFBC}") = "Fitbit.Portable", "Fitbit.Portable\Fitbit.Portable.csproj", "{1358D3B4-0698-4003-97EB-B6D489E04138}"
EndProject
Project("{FAE04EC0-301F-11D3-BF4B-00C04F79EFBC}") = "FitbitWindowsService", "FitbitWindowsService\FitbitWindowsService.csproj", "{4D32A083-EB3E-45C7-A4CE-F0109CFFA153}"
EndProject
Project("{FAE04EC0-301F-11D3-BF4B-00C04F79EFBC}") = "WindowsService2", "WindowsService2\WindowsService2.csproj", "{18D0FD33-5BFA-4893-A997-71B3490B2F45}"
EndProject
Global
	GlobalSection(SolutionConfigurationPlatforms) = preSolution
		Debug|Any CPU = Debug|Any CPU
		Release|Any CPU = Release|Any CPU
	EndGlobalSection
	GlobalSection(ProjectConfigurationPlatforms) = postSolution
		{61E7FCE8-ADD1-4130-B819-B048BBD212B7}.Debug|Any CPU.ActiveCfg = Debug|Any CPU
		{61E7FCE8-ADD1-4130-B819-B048BBD212B7}.Debug|Any CPU.Build.0 = Debug|Any CPU
		{61E7FCE8-ADD1-4130-B819-B048BBD212B7}.Release|Any CPU.ActiveCfg = Release|Any CPU
		{61E7FCE8-ADD1-4130-B819-B048BBD212B7}.Release|Any CPU.Build.0 = Release|Any CPU
		{1358D3B4-0698-4003-97EB-B6D489E04138}.Debug|Any CPU.ActiveCfg = Debug|Any CPU
		{1358D3B4-0698-4003-97EB-B6D489E04138}.Debug|Any CPU.Build.0 = Debug|Any CPU
		{1358D3B4-0698-4003-97EB-B6D489E04138}.Release|Any CPU.ActiveCfg = Release|Any CPU
		{1358D3B4-0698-4003-97EB-B6D489E04138}.Release|Any CPU.Build.0 = Release|Any CPU
		{4D32A083-EB3E-45C7-A4CE-F0109CFFA153}.Debug|Any CPU.ActiveCfg = Debug|Any CPU
		{4D32A083-EB3E-45C7-A4CE-F0109CFFA153}.Debug|Any CPU.Build.0 = Debug|Any CPU
		{4D32A083-EB3E-45C7-A4CE-F0109CFFA153}.Release|Any CPU.ActiveCfg = Release|Any CPU
		{4D32A083-EB3E-45C7-A4CE-F0109CFFA153}.Release|Any CPU.Build.0 = Release|Any CPU
		{18D0FD33-5BFA-4893-A997-71B3490B2F45}.Debug|Any CPU.ActiveCfg = Debug|Any CPU
		{18D0FD33-5BFA-4893-A997-71B3490B2F45}.Debug|Any CPU.Build.0 = Debug|Any CPU
		{18D0FD33-5BFA-4893-A997-71B3490B2F45}.Release|Any CPU.ActiveCfg = Release|Any CPU
		{18D0FD33-5BFA-4893-A997-71B3490B2F45}.Release|Any CPU.Build.0 = Release|Any CPU
	EndGlobalSection
	GlobalSection(SolutionProperties) = preSolution
		HideSolutionNode = FALSE
	EndGlobalSection
EndGlobal
